
Microsoft Visual Studio Solution File, Format Version 12.00
# Visual Studio Version 17
VisualStudioVersion = 17.7.34024.191
MinimumVisualStudioVersion = 10.0.40219.1
Project("{FAE04EC0-301F-11D3-BF4B-00C04F79EFBC}") = "end5last", "end5last\end5last.csproj", "{DAF18A8C-05F3-4EF9-92D3-9AFD705E5466}"
EndProject
Global
	GlobalSection(SolutionConfigurationPlatforms) = preSolution
		Debug|Any CPU = Debug|Any CPU
		Release|Any CPU = Release|Any CPU
	EndGlobalSection
	GlobalSection(ProjectConfigurationPlatforms) = postSolution
		{DAF18A8C-05F3-4EF9-92D3-9AFD705E5466}.Debug|Any CPU.ActiveCfg = Debug|Any CPU
		{DAF18A8C-05F3-4EF9-92D3-9AFD705E5466}.Debug|Any CPU.Build.0 = Debug|Any CPU
		{DAF18A8C-05F3-4EF9-92D3-9AFD705E5466}.Release|Any CPU.ActiveCfg = Release|Any CPU
		{DAF18A8C-05F3-4EF9-92D3-9AFD705E5466}.Release|Any CPU.Build.0 = Release|Any CPU
	EndGlobalSection
	GlobalSection(SolutionProperties) = preSolution
		HideSolutionNode = FALSE
	EndGlobalSection
	GlobalSection(ExtensibilityGlobals) = postSolution
		SolutionGuid = {3EE47C13-F3FD-42DA-A05F-066E0FFC17A3}
	EndGlobalSection
EndGlobal
